# THIS IS AN AUTOGENERATED FILE. DO NOT EDIT THIS FILE DIRECTLY.
# yarn lockfile v1


"@most/core@^1.3.2":
  version "1.3.2"
  resolved "https://registry.yarnpkg.com/@most/core/-/core-1.3.2.tgz#0b2b489ef84dd61075150037afd794e258f09f8c"
  dependencies:
    "@most/disposable" "^1.2.1"
    "@most/prelude" "^1.7.2"
    "@most/scheduler" "^1.2.1"
    "@most/types" "^1.0.1"

"@most/disposable@^1.2.1":
  version "1.2.1"
  resolved "https://registry.yarnpkg.com/@most/disposable/-/disposable-1.2.1.tgz#c72d7de3d98a6662916285e4516c713a95b94fa3"
  dependencies:
    "@most/prelude" "^1.7.2"
    "@most/types" "^1.0.1"

"@most/prelude@^1.7.2":
  version "1.7.2"
  resolved "https://registry.yarnpkg.com/@most/prelude/-/prelude-1.7.2.tgz#be4ed406518d4c8c220e45c39fa7251365425b73"

"@most/scheduler@^1.2.1":
  version "1.2.1"
  resolved "https://registry.yarnpkg.com/@most/scheduler/-/scheduler-1.2.1.tgz#f0f5b0af2e28908ac1a10907afe3648b71e10d36"
  dependencies:
    "@most/prelude" "^1.7.2"
    "@most/types" "^1.0.1"

"@most/types@^1.0.1":
  version "1.0.1"
  resolved "https://registry.yarnpkg.com/@most/types/-/types-1.0.1.tgz#8691580d1f3bf569b91d48f6688be9ad26dfc86c"

"@types/estree@0.0.39":
  version "0.0.39"
  resolved "https://registry.npmjs.org/@types/estree/-/estree-0.0.39.tgz#e177e699ee1b8c22d23174caaa7422644389509f"
  integrity sha512-EYNwp3bU+98cpU4lAWYYL7Zz+2gryWH1qbdDTidVd6hkiR6weksdbMadyXKXNPEkQFhXM+hVO9ZygomHXp+AIw==

"@types/node@*":
  version "10.12.18"
  resolved "https://registry.npmjs.org/@types/node/-/node-10.12.18.tgz#1d3ca764718915584fcd9f6344621b7672665c67"
  integrity sha512-fh+pAqt4xRzPfqA6eh3Z2y6fyZavRIumvjhaCL753+TVkGKGhpPeyrJG2JftD0T9q4GF00KjefsQ+PQNDdWQaQ==

acorn@^6.0.4:
  version "6.0.4"
  resolved "https://registry.npmjs.org/acorn/-/acorn-6.0.4.tgz#77377e7353b72ec5104550aa2d2097a2fd40b754"
  integrity sha512-VY4i5EKSKkofY2I+6QLTbTTN/UvEQPCo6eiwzzSaSWfpaDhOmStMCMod6wmuPciNq+XS0faCglFu2lHZpdHUtg==

browser-split@0.0.1:
  version "0.0.1"
  resolved "https://registry.yarnpkg.com/browser-split/-/browser-split-0.0.1.tgz#7b097574f8e3ead606fb4664e64adfdda2981a93"
  integrity sha1-ewl1dPjj6tYG+0Zk5krf3aKYGpM=

camelize@^1.0.0:
  version "1.0.0"
  resolved "https://registry.yarnpkg.com/camelize/-/camelize-1.0.0.tgz#164a5483e630fa4321e5af07020e531831b2609b"
  integrity sha1-FkpUg+Yw+kMh5a8HAg5TGDGyYJs=

dom-walk@^0.1.0:
  version "0.1.1"
  resolved "https://registry.yarnpkg.com/dom-walk/-/dom-walk-0.1.1.tgz#672226dc74c8f799ad35307df936aba11acd6018"
  integrity sha1-ZyIm3HTI95mtNTB9+TaroRrNYBg=

error@^4.3.0:
  version "4.4.0"
  resolved "https://registry.yarnpkg.com/error/-/error-4.4.0.tgz#bf69ff251fb4a279c19adccdaa6b61e90d9bf12a"
  integrity sha1-v2n/JR+0onnBmtzNqmth6Q2b8So=
  dependencies:
    camelize "^1.0.0"
    string-template "~0.2.0"
    xtend "~4.0.0"

ev-store@^7.0.0:
  version "7.0.0"
  resolved "https://registry.yarnpkg.com/ev-store/-/ev-store-7.0.0.tgz#1ab0c7f82136505dd74b31d17701cb2be6d26558"
  integrity sha1-GrDH+CE2UF3XSzHRdwHLK+bSZVg=
  dependencies:
    individual "^3.0.0"

global@^4.3.0:
  version "4.3.2"
  resolved "https://registry.yarnpkg.com/global/-/global-4.3.2.tgz#e76989268a6c74c38908b1305b10fc0e394e9d0f"
  integrity sha1-52mJJopsdMOJCLEwWxD8DjlOnQ8=
  dependencies:
    min-document "^2.19.0"
    process "~0.5.1"

individual@^3.0.0:
  version "3.0.0"
  resolved "https://registry.yarnpkg.com/individual/-/individual-3.0.0.tgz#e7ca4f85f8957b018734f285750dc22ec2f9862d"
  integrity sha1-58pPhfiVewGHNPKFdQ3CLsL5hi0=

is-object@^1.0.1:
  version "1.0.1"
  resolved "https://registry.yarnpkg.com/is-object/-/is-object-1.0.1.tgz#8952688c5ec2ffd6b03ecc85e769e02903083470"
  integrity sha1-iVJojF7C/9awPsyF52ngKQMINHA=

min-document@^2.19.0:
  version "2.19.0"
  resolved "https://registry.yarnpkg.com/min-document/-/min-document-2.19.0.tgz#7bd282e3f5842ed295bb748cdd9f1ffa2c824685"
  integrity sha1-e9KC4/WELtKVu3SM3Z8f+iyCRoU=
  dependencies:
    dom-walk "^0.1.0"

next-tick@^0.2.2:
  version "0.2.2"
  resolved "https://registry.yarnpkg.com/next-tick/-/next-tick-0.2.2.tgz#75da4a927ee5887e39065880065b7336413b310d"
  integrity sha1-ddpKkn7liH45BliABltzNkE7MQ0=

process@~0.5.1:
  version "0.5.2"
  resolved "https://registry.yarnpkg.com/process/-/process-0.5.2.tgz#1638d8a8e34c2f440a91db95ab9aeb677fc185cf"
  integrity sha1-FjjYqONML0QKkduVq5rrZ3/Bhc8=

ramda@^0.24.0:
  version "0.24.1"
  resolved "https://registry.yarnpkg.com/ramda/-/ramda-0.24.1.tgz#c3b7755197f35b8dc3502228262c4c91ddb6b857"

rollup@^1.0.0:
  version "1.0.0"
  resolved "https://registry.npmjs.org/rollup/-/rollup-1.0.0.tgz#db97a04a15364d1cd3823a0024ae8d8fda530a1c"
  integrity sha512-LV6Qz+RkuDAfxr9YopU4k5o5P/QA7YNq9xi2Ug2IqOmhPt9sAm89vh3SkNtFok3bqZHX54eMJZ8F68HPejgqtw==
  dependencies:
    "@types/estree" "0.0.39"
    "@types/node" "*"
    acorn "^6.0.4"

string-template@~0.2.0:
  version "0.2.1"
  resolved "https://registry.yarnpkg.com/string-template/-/string-template-0.2.1.tgz#42932e598a352d01fc22ec3367d9d84eec6c9add"
  integrity sha1-QpMuWYo1LQH8IuwzZ9nYTuxsmt0=

union-type@^0.4.1:
  version "0.4.1"
  resolved "https://registry.yarnpkg.com/union-type/-/union-type-0.4.1.tgz#745a717c006df3d642d191bcd1b995f2c8bd5581"
  dependencies:
    ramda "^0.24.0"

virtual-dom@^2.1.1:
  version "2.1.1"
  resolved "https://registry.yarnpkg.com/virtual-dom/-/virtual-dom-2.1.1.tgz#80eda2d481b9ede0c049118cefcb4a05f21d1375"
  integrity sha1-gO2i1IG57eDASRGM78tKBfIdE3U=
  dependencies:
    browser-split "0.0.1"
    error "^4.3.0"
    ev-store "^7.0.0"
    global "^4.3.0"
    is-object "^1.0.1"
    next-tick "^0.2.2"
    x-is-array "0.1.0"
    x-is-string "0.1.0"

x-is-array@0.1.0:
  version "0.1.0"
  resolved "https://registry.yarnpkg.com/x-is-array/-/x-is-array-0.1.0.tgz#de520171d47b3f416f5587d629b89d26b12dc29d"
  integrity sha1-3lIBcdR7P0FvVYfWKbidJrEtwp0=

x-is-string@0.1.0:
  version "0.1.0"
  resolved "https://registry.yarnpkg.com/x-is-string/-/x-is-string-0.1.0.tgz#474b50865af3a49a9c4657f05acd145458f77d82"
  integrity sha1-R0tQhlrzpJqcRlfwWs0UVFj3fYI=

xtend@~4.0.0:
  version "4.0.1"
  resolved "https://registry.yarnpkg.com/xtend/-/xtend-4.0.1.tgz#a5c6d532be656e23db820efb943a1f04998d63af"
